
Microsoft Visual Studio Solution File, Format Version 12.00
# Visual Studio Version 17
VisualStudioVersion = 17.6.33717.318
MinimumVisualStudioVersion = 10.0.40219.1
Project("{FAE04EC0-301F-11D3-BF4B-00C04F79EFBC}") = "Animaldb", "Animaldb\Animaldb.csproj", "{3344616A-4D12-4E7F-8C00-BD22080131BB}"
EndProject
Global
	GlobalSection(SolutionConfigurationPlatforms) = preSolution
		Debug|Any CPU = Debug|Any CPU
		Release|Any CPU = Release|Any CPU
	EndGlobalSection
	GlobalSection(ProjectConfigurationPlatforms) = postSolution
		{3344616A-4D12-4E7F-8C00-BD22080131BB}.Debug|Any CPU.ActiveCfg = Debug|Any CPU
		{3344616A-4D12-4E7F-8C00-BD22080131BB}.Debug|Any CPU.Build.0 = Debug|Any CPU
		{3344616A-4D12-4E7F-8C00-BD22080131BB}.Release|Any CPU.ActiveCfg = Release|Any CPU
		{3344616A-4D12-4E7F-8C00-BD22080131BB}.Release|Any CPU.Build.0 = Release|Any CPU
	EndGlobalSection
	GlobalSection(SolutionProperties) = preSolution
		HideSolutionNode = FALSE
	EndGlobalSection
	GlobalSection(ExtensibilityGlobals) = postSolution
		SolutionGuid = {46260334-1A50-41D4-9CBE-5A58E430F287}
	EndGlobalSection
EndGlobal
